{
  "name": "@hun-dun/monitor-sdk",
  "version": "1.0.0",
  "lockfileVersion": 1,
  "requires": true,
  "dependencies": {
    "@types/node": {
      "version": "22.10.2",
      "resolved": "http://r.npm.sankuai.com/@types/node/download/@types/node-22.10.2.tgz",
      "integrity": "sha1-pIVCbm0f2vx7DUx7JOLHgYLdq7k=",
      "dev": true,
      "requires": {
        "undici-types": "~6.20.0"
      }
    },
    "asynckit": {
      "version": "0.4.0",
      "resolved": "http://r.npm.sankuai.com/asynckit/download/asynckit-0.4.0.tgz",
      "integrity": "sha1-x57Zf380y48robyXkLzDZkdLS3k="
    },
    "axios": {
      "version": "1.7.9",
      "resolved": "http://r.npm.sankuai.com/axios/download/axios-1.7.9.tgz",
      "integrity": "sha1-19BxOAwTKiSszaGyz8FTW3nsZQo=",
      "requires": {
        "follow-redirects": "^1.15.6",
        "form-data": "^4.0.0",
        "proxy-from-env": "^1.1.0"
      }
    },
    "combined-stream": {
      "version": "1.0.8",
      "resolved": "http://r.npm.sankuai.com/combined-stream/download/combined-stream-1.0.8.tgz",
      "integrity": "sha1-w9RaizT9cwYxoRCoolIGgrMdWn8=",
      "requires": {
        "delayed-stream": "~1.0.0"
      }
    },
    "delayed-stream": {
      "version": "1.0.0",
      "resolved": "http://r.npm.sankuai.com/delayed-stream/download/delayed-stream-1.0.0.tgz",
      "integrity": "sha1-3zrhmayt+31ECqrgsp4icrJOxhk="
    },
    "follow-redirects": {
      "version": "1.15.9",
      "resolved": "http://r.npm.sankuai.com/follow-redirects/download/follow-redirects-1.15.9.tgz",
      "integrity": "sha1-pgT6EORDv5jKlCKNnuvMLoosjuE="
    },
    "form-data": {
      "version": "4.0.1",
      "resolved": "http://r.npm.sankuai.com/form-data/download/form-data-4.0.1.tgz",
      "integrity": "sha1-uhB22qqlv9fpnBpssCqgpc/5DUg=",
      "requires": {
        "asynckit": "^0.4.0",
        "combined-stream": "^1.0.8",
        "mime-types": "^2.1.12"
      }
    },
    "mime-db": {
      "version": "1.52.0",
      "resolved": "http://r.npm.sankuai.com/mime-db/download/mime-db-1.52.0.tgz",
      "integrity": "sha1-u6vNwChZ9JhzAchW4zh85exDv3A="
    },
    "mime-types": {
      "version": "2.1.35",
      "resolved": "http://r.npm.sankuai.com/mime-types/download/mime-types-2.1.35.tgz",
      "integrity": "sha1-OBqHG2KnNEUGYK497uRIE/cNlZo=",
      "requires": {
        "mime-db": "1.52.0"
      }
    },
    "proxy-from-env": {
      "version": "1.1.0",
      "resolved": "http://r.npm.sankuai.com/proxy-from-env/download/proxy-from-env-1.1.0.tgz",
      "integrity": "sha1-4QLxbKNVQkhldV0sno6k8k1Yw+I="
    },
    "typescript": {
      "version": "5.7.2",
      "resolved": "http://r.npm.sankuai.com/typescript/download/typescript-5.7.2.tgz",
      "integrity": "sha1-MWnPjEyKgozeU7qeyz0rHV3We+Y=",
      "dev": true
    },
    "undici-types": {
      "version": "6.20.0",
      "resolved": "http://r.npm.sankuai.com/undici-types/download/undici-types-6.20.0.tgz",
      "integrity": "sha1-gXG/IsH1iNFVTVW/IEvGJK84hDM=",
      "dev": true
    }
  }
}
